
Microsoft Visual Studio Solution File, Format Version 12.00
# Visual Studio Version 17
VisualStudioVersion = 17.0.31612.314
MinimumVisualStudioVersion = 10.0.40219.1
Project("{FAE04EC0-301F-11D3-BF4B-00C04F79EFBC}") = "Lab", "Lab\Lab.csproj", "{04883396-C6AE-41CB-A0C0-9D68E00791B0}"
EndProject
Global
	GlobalSection(SolutionConfigurationPlatforms) = preSolution
		Debug|Any CPU = Debug|Any CPU
		Release|Any CPU = Release|Any CPU
	EndGlobalSection
	GlobalSection(ProjectConfigurationPlatforms) = postSolution
		{04883396-C6AE-41CB-A0C0-9D68E00791B0}.Debug|Any CPU.ActiveCfg = Debug|Any CPU
		{04883396-C6AE-41CB-A0C0-9D68E00791B0}.Debug|Any CPU.Build.0 = Debug|Any CPU
		{04883396-C6AE-41CB-A0C0-9D68E00791B0}.Release|Any CPU.ActiveCfg = Release|Any CPU
		{04883396-C6AE-41CB-A0C0-9D68E00791B0}.Release|Any CPU.Build.0 = Release|Any CPU
	EndGlobalSection
	GlobalSection(SolutionProperties) = preSolution
		HideSolutionNode = FALSE
	EndGlobalSection
	GlobalSection(ExtensibilityGlobals) = postSolution
		SolutionGuid = {543E2BB5-E5BA-4AC2-81CA-9085FD6DD8EE}
	EndGlobalSection
EndGlobal
